
Microsoft Visual Studio Solution File, Format Version 12.00
# Visual Studio Version 17
VisualStudioVersion = 17.1.32421.90
MinimumVisualStudioVersion = 10.0.40219.1
Project("{FAE04EC0-301F-11D3-BF4B-00C04F79EFBC}") = "ChatApi", "ChatApi\ChatApi.csproj", "{5C3D9811-1486-49EA-B3B4-EF79ACF8B0AF}"
EndProject
Global
	GlobalSection(SolutionConfigurationPlatforms) = preSolution
		Debug|Any CPU = Debug|Any CPU
		Release|Any CPU = Release|Any CPU
	EndGlobalSection
	GlobalSection(ProjectConfigurationPlatforms) = postSolution
		{5C3D9811-1486-49EA-B3B4-EF79ACF8B0AF}.Debug|Any CPU.ActiveCfg = Debug|Any CPU
		{5C3D9811-1486-49EA-B3B4-EF79ACF8B0AF}.Debug|Any CPU.Build.0 = Debug|Any CPU
		{5C3D9811-1486-49EA-B3B4-EF79ACF8B0AF}.Release|Any CPU.ActiveCfg = Release|Any CPU
		{5C3D9811-1486-49EA-B3B4-EF79ACF8B0AF}.Release|Any CPU.Build.0 = Release|Any CPU
	EndGlobalSection
	GlobalSection(SolutionProperties) = preSolution
		HideSolutionNode = FALSE
	EndGlobalSection
	GlobalSection(ExtensibilityGlobals) = postSolution
		SolutionGuid = {A15D71B8-B8F2-42EE-BBF7-B28522A94CC8}
	EndGlobalSection
EndGlobal
